
Microsoft Visual Studio Solution File, Format Version 12.00
# Visual Studio Version 17
VisualStudioVersion = 17.4.33110.190
MinimumVisualStudioVersion = 10.0.40219.1
Project("{FAE04EC0-301F-11D3-BF4B-00C04F79EFBC}") = "ODataService", "ODataService.csproj", "{D70C176C-B6F3-44CC-B41B-8FAEB14E9A77}"
EndProject
Project("{FAE04EC0-301F-11D3-BF4B-00C04F79EFBC}") = "CustomAPI", "..\CustomAPI\CustomAPI.csproj", "{09AEBAEA-F132-4AF4-9055-1AE611F599CD}"
EndProject
Global
	GlobalSection(SolutionConfigurationPlatforms) = preSolution
		Debug|Any CPU = Debug|Any CPU
		Release|Any CPU = Release|Any CPU
	EndGlobalSection
	GlobalSection(ProjectConfigurationPlatforms) = postSolution
		{D70C176C-B6F3-44CC-B41B-8FAEB14E9A77}.Debug|Any CPU.ActiveCfg = Debug|Any CPU
		{D70C176C-B6F3-44CC-B41B-8FAEB14E9A77}.Debug|Any CPU.Build.0 = Debug|Any CPU
		{D70C176C-B6F3-44CC-B41B-8FAEB14E9A77}.Release|Any CPU.ActiveCfg = Release|Any CPU
		{D70C176C-B6F3-44CC-B41B-8FAEB14E9A77}.Release|Any CPU.Build.0 = Release|Any CPU
		{09AEBAEA-F132-4AF4-9055-1AE611F599CD}.Debug|Any CPU.ActiveCfg = Debug|Any CPU
		{09AEBAEA-F132-4AF4-9055-1AE611F599CD}.Debug|Any CPU.Build.0 = Debug|Any CPU
		{09AEBAEA-F132-4AF4-9055-1AE611F599CD}.Release|Any CPU.ActiveCfg = Release|Any CPU
		{09AEBAEA-F132-4AF4-9055-1AE611F599CD}.Release|Any CPU.Build.0 = Release|Any CPU
	EndGlobalSection
	GlobalSection(SolutionProperties) = preSolution
		HideSolutionNode = FALSE
	EndGlobalSection
	GlobalSection(ExtensibilityGlobals) = postSolution
		SolutionGuid = {1AD0E425-F1AB-4107-AF4C-663DF93E79AE}
	EndGlobalSection
EndGlobal
